
Microsoft Visual Studio Solution File, Format Version 12.00
# Visual Studio Version 16
VisualStudioVersion = 16.0.29920.165
MinimumVisualStudioVersion = 10.0.40219.1
Project("{FAE04EC0-301F-11D3-BF4B-00C04F79EFBC}") = "Chatting_Server", "Chatting_Server\Chatting_Server.csproj", "{3E15C542-097A-4925-A347-E33CC484ED37}"
EndProject
Project("{FAE04EC0-301F-11D3-BF4B-00C04F79EFBC}") = "ServerCore", "ServerCore\ServerCore.csproj", "{C490C033-62CF-433D-A06C-972E16E2117A}"
EndProject
Project("{FAE04EC0-301F-11D3-BF4B-00C04F79EFBC}") = "PacketGenerator", "PacketGenerator\PacketGenerator.csproj", "{D573CB71-94EA-4434-893C-7FEC16ACB74B}"
EndProject
Project("{2150E333-8FDC-42A3-9474-1A3956D46DE8}") = "Tools", "Tools", "{2811239C-31EE-4898-8D93-F86998038572}"
EndProject
Global
	GlobalSection(SolutionConfigurationPlatforms) = preSolution
		Debug|Any CPU = Debug|Any CPU
		Release|Any CPU = Release|Any CPU
	EndGlobalSection
	GlobalSection(ProjectConfigurationPlatforms) = postSolution
		{3E15C542-097A-4925-A347-E33CC484ED37}.Debug|Any CPU.ActiveCfg = Debug|Any CPU
		{3E15C542-097A-4925-A347-E33CC484ED37}.Debug|Any CPU.Build.0 = Debug|Any CPU
		{3E15C542-097A-4925-A347-E33CC484ED37}.Release|Any CPU.ActiveCfg = Release|Any CPU
		{3E15C542-097A-4925-A347-E33CC484ED37}.Release|Any CPU.Build.0 = Release|Any CPU
		{C490C033-62CF-433D-A06C-972E16E2117A}.Debug|Any CPU.ActiveCfg = Debug|Any CPU
		{C490C033-62CF-433D-A06C-972E16E2117A}.Debug|Any CPU.Build.0 = Debug|Any CPU
		{C490C033-62CF-433D-A06C-972E16E2117A}.Release|Any CPU.ActiveCfg = Release|Any CPU
		{C490C033-62CF-433D-A06C-972E16E2117A}.Release|Any CPU.Build.0 = Release|Any CPU
		{D573CB71-94EA-4434-893C-7FEC16ACB74B}.Debug|Any CPU.ActiveCfg = Debug|Any CPU
		{D573CB71-94EA-4434-893C-7FEC16ACB74B}.Debug|Any CPU.Build.0 = Debug|Any CPU
		{D573CB71-94EA-4434-893C-7FEC16ACB74B}.Release|Any CPU.ActiveCfg = Release|Any CPU
		{D573CB71-94EA-4434-893C-7FEC16ACB74B}.Release|Any CPU.Build.0 = Release|Any CPU
	EndGlobalSection
	GlobalSection(SolutionProperties) = preSolution
		HideSolutionNode = FALSE
	EndGlobalSection
	GlobalSection(NestedProjects) = preSolution
		{D573CB71-94EA-4434-893C-7FEC16ACB74B} = {2811239C-31EE-4898-8D93-F86998038572}
	EndGlobalSection
	GlobalSection(ExtensibilityGlobals) = postSolution
		SolutionGuid = {87FE87DB-6802-4F3B-ADEC-BDF79E9D5900}
	EndGlobalSection
EndGlobal
